{
    "_meta": {
        "hash": {
            "sha256": "11bf65eee1f08231a50f4c807ed4539b1a43b9dfe9088889ac8a0336c0a13b02"
        },
        "pipfile-spec": 6,
        "requires": {
            "python_version": "3.10"
        },
        "sources": [
            {
                "name": "pypi",
                "url": "https://pypi.org/simple",
                "verify_ssl": true
            }
        ]
    },
    "default": {
        "geojson": {
            "hashes": [
                "sha256:e49df982b204ed481e4c1236c57f587adf71537301cf8faf7120ab27d73c7568",
                "sha256:ff3d75acab60b1e66504a11f7ea12c104bad32ff3c410a807788663b966dee4a"
            ],
            "index": "pypi",
            "version": "==3.0.1"
        },
        "numpy": {
            "hashes": [
                "sha256:0ac6edfb35d2a99aaf102b509c8e9319c499ebd4978df4971b94419a116d0790",
                "sha256:26815c6c8498dc49d81faa76d61078c4f9f0859ce7817919021b9eba72b425e3",
                "sha256:4aedd08f15d3045a4e9c648f1e04daca2ab1044256959f1f95aafeeb3d794c16",
                "sha256:4c69fe5f05eea336b7a740e114dec995e2f927003c30702d896892403df6dbf0",
                "sha256:5177310ac2e63d6603f659fadc1e7bab33dd5a8db4e0596df34214eeab0fee3b",
                "sha256:5aa48bebfb41f93043a796128854b84407d4df730d3fb6e5dc36402f5cd594c0",
                "sha256:5b1b90860bf7d8a8c313b372d4f27343a54f415b20fb69dd601b7efe1029c91e",
                "sha256:6c284907e37f5e04d2412950960894b143a648dea3f79290757eb878b91acbd1",
                "sha256:6d183b5c58513f74225c376643234c369468e02947b47942eacbb23c1671f25d",
                "sha256:7412125b4f18aeddca2ecd7219ea2d2708f697943e6f624be41aa5f8a9852cc4",
                "sha256:7cd981ccc0afe49b9883f14761bb57c964df71124dcd155b0cba2b591f0d64b9",
                "sha256:85cdae87d8c136fd4da4dad1e48064d700f63e923d5af6c8c782ac0df8044542",
                "sha256:8aa130c3042052d656751df5e81f6d61edff3e289b5994edcf77f54118a8d9f4",
                "sha256:95367ccd88c07af21b379be1725b5322362bb83679d36691f124a16357390153",
                "sha256:9c7211d7920b97aeca7b3773a6783492b5b93baba39e7c36054f6e749fc7490c",
                "sha256:9e3f2b96e3b63c978bc29daaa3700c028fe3f049ea3031b58aa33fe2a5809d24",
                "sha256:b76aa836a952059d70a2788a2d98cb2a533ccd46222558b6970348939e55fc24",
                "sha256:b792164e539d99d93e4e5e09ae10f8cbe5466de7d759fc155e075237e0c274e4",
                "sha256:c0dc071017bc00abb7d7201bac06fa80333c6314477b3d10b52b58fa6a6e38f6",
                "sha256:cc3fda2b36482891db1060f00f881c77f9423eead4c3579629940a3e12095fe8",
                "sha256:d6b267f349a99d3908b56645eebf340cb58f01bd1e773b4eea1a905b3f0e4208",
                "sha256:d76a84998c51b8b68b40448ddd02bd1081bb33abcdc28beee6cd284fe11036c6",
                "sha256:e559c6afbca484072a98a51b6fa466aae785cfe89b69e8b856c3191bc8872a82",
                "sha256:ecc68f11404930e9c7ecfc937aa423e1e50158317bf67ca91736a9864eae0232",
                "sha256:f1accae9a28dc3cda46a91de86acf69de0d1b5f4edd44a9b0c3ceb8036dfff19"
            ],
            "index": "pypi",
            "version": "==1.25.0"
        },
        "psycopg": {
            "extras": [
                "binary"
            ],
            "hashes": [
                "sha256:ab400f207a8c120bafdd8077916d8f6c0106e809401378708485b016508c30c9",
                "sha256:fbbac339274d8733ee70ba9822297af3e8871790a26e967b5ea53e30a4b74dcc"
            ],
            "index": "pypi",
            "version": "==3.1.9"
        },
        "psycopg-binary": {
            "hashes": [
                "sha256:03b08545ce1c627f4d5e6384eda2946660c4ba6ceb0a09ae47de07419f725669",
                "sha256:055537a9c20efe9bf17cb72bd879602eda71de6f737ebafa1953e017c6a37fbe",
                "sha256:058ab0d79be0b229338f0e61fec6f475077518cba63c22c593645a69f01c3e23",
                "sha256:07414daa86662f7657e9fabe49af85a32a975e92e6568337887d9c9ffedc224f",
                "sha256:09167f106e7685591b4cdf58eff0191fb7435d586f384133a0dd30df646cf409",
                "sha256:17c5d4936c746f5125c6ef9eb43655e27d4d0c9ffe34c3073878b43c3192511d",
                "sha256:1e31bac3d2d41e6446b20b591f638943328c958f4d1ce13d6f1c5db97c3a8dee",
                "sha256:2340ca2531f69e5ebd9d18987362ba57ed6ab6a271511d8026814a46a2a87b59",
                "sha256:25e3ce947aaaa1bd9f1920fca76d7281660646304f9ea5bc036b201dd8790655",
                "sha256:284038cbe3f5a0f3de417af9b5eaa2a9524a3a06211523cf245111c71b566506",
                "sha256:2f94a7985135e084e122b143956c6f589d17aef743ecd0a434a3d3a222631d5a",
                "sha256:3836bdaf030a5648bd5f5b452e4b068b265e28f9199060c5b70dbf4a218cde6e",
                "sha256:3a82e77400d1ef6c5bbcf3e600e8bdfacf1a554512f96c090c43ceca3d1ce3b6",
                "sha256:3b62545cc64dd69ea0ae5ffe18d7c97e03660ab8244aa8c5172668a21c41daa0",
                "sha256:3b816ce0e27a2a8786d34b61d3e36e01029245025879d64b88554326b794a4f0",
                "sha256:3bb86d58b90faefdc0bbedf08fdea4cc2afcb1cfa4340f027d458bfd01d8b812",
                "sha256:3d91ee0d33ac7b42d0488a9be2516efa2ec00901b81d69566ff34a7a94b66c0b",
                "sha256:4213953da44324850c8f789301cf665f46fb94301ba403301e7af58546c3a428",
                "sha256:4c1def6c2d28e257325b3b208cf1966343b498282a0f4d390fda7b7e0577da64",
                "sha256:53afb0cc2ebe74651f339e22d05ec082a0f44939715d9138d357852f074fcf55",
                "sha256:5833bda4c14f24c6a8ac08d3c5712acaa4f35aab31f9ccd2265e9e9a7d0151c8",
                "sha256:5b164355d023a91b23dcc4bb3112bc7d6e9b9c938fb5abcb6e54457d2da1f317",
                "sha256:5cdc13c8ec1437240801e43d07e27ff6479ac9dd8583ecf647345bfd2e8390e4",
                "sha256:63e8d1dbe253657c70dbfa9c59423f4654d82698fc5ed6868b8dc0765abe20b6",
                "sha256:6c696dc84f9ff155761df15779181d8e4af7746b98908e130add8259912e4bb7",
                "sha256:7b36fe4314a784fbe45c9fd71c902b9bf57341aff9b97c0cbd22f8409a271e2f",
                "sha256:81e34d6df54329424944d5ca91b1cc77df6b8a9130cb5480680d56f53d4e485c",
                "sha256:82704a899d57c29beba5399d41eab5ef5c238b810d7e25e2d1916d2b34c4b1a3",
                "sha256:87e0c97733b11eeca3d24e56df70f3f9d792b2abd46f48be2fb2348ffc3e7e39",
                "sha256:90787ac05b932c0fc678cbf470ccea9c385b8077583f0490136b4569ed3fb652",
                "sha256:96725d9691a84a21eb3e81c884a2e043054e33e176801a57a05e9ac38d142c6e",
                "sha256:98d9d156b9ada08c271a79662fc5fcc1731b4d7c1f651ef5843d818d35f15ba0",
                "sha256:9c114f678e8f4a96530fa79cfd84f65f26358ecfc6cca70cfa2d5e3ae5ef217a",
                "sha256:9c75be2a9b986139e3ff6bc0a2852081ac00811040f9b82d3aa539821311122e",
                "sha256:a207d5a7f4212443b7452851c9ccd88df9c6d4d58fa2cea2ead4dd9cb328e578",
                "sha256:a274c63c8fb9d419509bed2ef72befc1fd04243972e17e7f5afc5725cb13a560",
                "sha256:a8aaa47c1791fc05c0229ec1003dd49e13238fba9434e1fc3b879632f749c3c4",
                "sha256:b1a321ef3579a8de0545ade6ff1edfde0c88b8847d58c5615c03751c76054796",
                "sha256:b246fed629482b06f938b23e9281c4af592329daa3ec2cd4a6841ccbfdeb4d68",
                "sha256:c0b8d6bbeff1dba760a208d8bc205a05b745e6cee02b839f969f72cf56a8b80d",
                "sha256:c3a13aa022853891cadbc7256a9804e5989def760115c82334bddf0d19783b0b",
                "sha256:c7d990f14a37345ca05a5192cd5ac938c9cbedca9c929872af6ae311158feb0e",
                "sha256:ce8f4dea5934aa6c4933e559c74bef4beb3413f51fbcf17f306ce890216ac33a",
                "sha256:d2cea4bb0b19245c83486868d7c66f73238c4caa266b5b3c3d664d10dab2ab56",
                "sha256:dade344aa90bb0b57d1cfc13304ed83ab9a36614b8ddd671381b2de72fe1483d",
                "sha256:db866cc557d9761036771d666d17fa4176c537af7e6098f42a6bf8f64217935f",
                "sha256:dfe5c5c31f59ccb1d1f473466baa93d800138186286e80e251f930e49c80d208",
                "sha256:e0ca74fd85718723bb9f08e0c6898e901a0c365aef20b3c3a4ef8709125d6210",
                "sha256:e2f463079d99568a343ed0b766150b30627e9ed41de99fd82e945e7e2bec764a",
                "sha256:eab449e39db1c429cac79b7aa27e6827aad4995f32137e922db7254f43fed7b5",
                "sha256:f2cbdef6568da21c39dfd45c2074e85eabbd00e1b721832ba94980f01f582dd4",
                "sha256:f41a9e0de4db194c053bcc7c00c35422a4d19d92a8187e8065b1c560626efe35",
                "sha256:f4da4ca9b2365fc1d3fc741c3bbd3efccd892ce813444b884c8911a1acf1c932",
                "sha256:f5e36504373e5bcdc954b1da1c6fe66379007fe1e329790e8fb72b879a01e097"
            ],
            "version": "==3.1.9"
        },
        "scipy": {
            "hashes": [
                "sha256:08d957ca82d3535b3b9ba6c8ff355d78fe975271874e2af267cb5add5bd78625",
                "sha256:249cfa465c379c9bb2c20123001e151ff5e29b351cbb7f9c91587260602c58d0",
                "sha256:366a6a937110d80dca4f63b3f5b00cc89d36f678b2d124a01067b154e692bab1",
                "sha256:39154437654260a52871dfde852adf1b93b1d1bc5dc0ffa70068f16ec0be2624",
                "sha256:396fae3f8c12ad14c5f3eb40499fd06a6fef8393a6baa352a652ecd51e74e029",
                "sha256:3b9963798df1d8a52db41a6fc0e6fa65b1c60e85d73da27ae8bb754de4792481",
                "sha256:3e8eb42db36526b130dfbc417609498a6192381abc1975b91e3eb238e0b41c1a",
                "sha256:512fdc18c65f76dadaca139348e525646d440220d8d05f6d21965b8d4466bccd",
                "sha256:aec8c62fbe52914f9cf28d846cf0401dd80ab80788bbab909434eb336ed07c04",
                "sha256:b41a0f322b4eb51b078cb3441e950ad661ede490c3aca66edef66f4b37ab1877",
                "sha256:b4bb943010203465ac81efa392e4645265077b4d9e99b66cf3ed33ae12254173",
                "sha256:b588311875c58d1acd4ef17c983b9f1ab5391755a47c3d70b6bd503a45bfaf71",
                "sha256:ba94eeef3c9caa4cea7b402a35bb02a5714ee1ee77eb98aca1eed4543beb0f4c",
                "sha256:be8c962a821957fdde8c4044efdab7a140c13294997a407eaee777acf63cbf0c",
                "sha256:cce154372f0ebe88556ed06d7b196e9c2e0c13080ecb58d0f35062dc7cc28b47",
                "sha256:d51565560565a0307ed06fa0ec4c6f21ff094947d4844d6068ed04400c72d0c3",
                "sha256:e866514bc2d660608447b6ba95c8900d591f2865c07cca0aa4f7ff3c4ca70f30",
                "sha256:fb5b492fa035334fd249f0973cc79ecad8b09c604b42a127a677b45a9a3d4289",
                "sha256:ffb28e3fa31b9c376d0fb1f74c1f13911c8c154a760312fbee87a21eb21efe31"
            ],
            "markers": "python_version < '3.13' and python_version >= '3.9'",
            "version": "==1.11.1"
        },
        "shapely": {
            "hashes": [
                "sha256:01224899ff692a62929ef1a3f5fe389043e262698a708ab7569f43a99a48ae82",
                "sha256:05c51a29336e604c084fb43ae5dbbfa2c0ef9bd6fedeae0a0d02c7b57a56ba46",
                "sha256:09d6c7763b1bee0d0a2b84bb32a4c25c6359ad1ac582a62d8b211e89de986154",
                "sha256:193a398d81c97a62fc3634a1a33798a58fd1dcf4aead254d080b273efbb7e3ff",
                "sha256:1a34a23d6266ca162499e4a22b79159dc0052f4973d16f16f990baa4d29e58b6",
                "sha256:2569a4b91caeef54dd5ae9091ae6f63526d8ca0b376b5bb9fd1a3195d047d7d4",
                "sha256:33403b8896e1d98aaa3a52110d828b18985d740cc9f34f198922018b1e0f8afe",
                "sha256:3ad81f292fffbd568ae71828e6c387da7eb5384a79db9b4fde14dd9fdeffca9a",
                "sha256:3cb256ae0c01b17f7bc68ee2ffdd45aebf42af8992484ea55c29a6151abe4386",
                "sha256:45b4833235b90bc87ee26c6537438fa77559d994d2d3be5190dd2e54d31b2820",
                "sha256:4641325e065fd3e07d55677849c9ddfd0cf3ee98f96475126942e746d55b17c8",
                "sha256:502e0a607f1dcc6dee0125aeee886379be5242c854500ea5fd2e7ac076b9ce6d",
                "sha256:66a6b1a3e72ece97fc85536a281476f9b7794de2e646ca8a4517e2e3c1446893",
                "sha256:70a18fc7d6418e5aea76ac55dce33f98e75bd413c6eb39cfed6a1ba36469d7d4",
                "sha256:7d3bbeefd8a6a1a1017265d2d36f8ff2d79d0162d8c141aa0d37a87063525656",
                "sha256:83a8ec0ee0192b6e3feee9f6a499d1377e9c295af74d7f81ecba5a42a6b195b7",
                "sha256:865bc3d7cc0ea63189d11a0b1120d1307ed7a64720a8bfa5be2fde5fc6d0d33f",
                "sha256:90cfa4144ff189a3c3de62e2f3669283c98fb760cfa2e82ff70df40f11cadb39",
                "sha256:91575d97fd67391b85686573d758896ed2fc7476321c9d2e2b0c398b628b961c",
                "sha256:9a6ac34c16f4d5d3c174c76c9d7614ec8fe735f8f82b6cc97a46b54f386a86bf",
                "sha256:a529218e72a3dbdc83676198e610485fdfa31178f4be5b519a8ae12ea688db14",
                "sha256:a70a614791ff65f5e283feed747e1cc3d9e6c6ba91556e640636bbb0a1e32a71",
                "sha256:ac1dfc397475d1de485e76de0c3c91cc9d79bd39012a84bb0f5e8a199fc17bef",
                "sha256:b06d031bc64149e340448fea25eee01360a58936c89985cf584134171e05863f",
                "sha256:b4f0711cc83734c6fad94fc8d4ec30f3d52c1787b17d9dca261dc841d4731c64",
                "sha256:b50c401b64883e61556a90b89948297f1714dbac29243d17ed9284a47e6dd731",
                "sha256:b519cf3726ddb6c67f6a951d1bb1d29691111eaa67ea19ddca4d454fbe35949c",
                "sha256:bca57b683e3d94d0919e2f31e4d70fdfbb7059650ef1b431d9f4e045690edcd5",
                "sha256:c43755d2c46b75a7b74ac6226d2cc9fa2a76c3263c5ae70c195c6fb4e7b08e79",
                "sha256:c7eed1fb3008a8a4a56425334b7eb82651a51f9e9a9c2f72844a2fb394f38a6c",
                "sha256:c8b0d834b11be97d5ab2b4dceada20ae8e07bcccbc0f55d71df6729965f406ad",
                "sha256:ce88ec79df55430e37178a191ad8df45cae90b0f6972d46d867bf6ebbb58cc4d",
                "sha256:d173d24e85e51510e658fb108513d5bc11e3fd2820db6b1bd0522266ddd11f51",
                "sha256:d8f55f355be7821dade839df785a49dc9f16d1af363134d07eb11e9207e0b189",
                "sha256:da71de5bf552d83dcc21b78cc0020e86f8d0feea43e202110973987ffa781c21",
                "sha256:e55698e0ed95a70fe9ff9a23c763acfe0bf335b02df12142f74e4543095e9a9b",
                "sha256:f32a748703e7bf6e92dfa3d2936b2fbfe76f8ce5f756e24f49ef72d17d26ad02",
                "sha256:f470a130d6ddb05b810fc1776d918659407f8d025b7f56d2742a596b6dffa6c7"
            ],
            "markers": "python_version >= '3.7'",
            "version": "==2.0.1"
        },
        "turfpy": {
            "hashes": [
                "sha256:1e12aeb398ab4a7a2a459e39f3beabb6d89d1d11b0713bb7f9606cebec0e0147"
            ],
            "index": "pypi",
            "version": "==0.0.7"
        },
        "typing-extensions": {
            "hashes": [
                "sha256:440d5dd3af93b060174bf433bccd69b0babc3b15b1a8dca43789fd7f61514b36",
                "sha256:b75ddc264f0ba5615db7ba217daeb99701ad295353c45f9e95963337ceeeffb2"
            ],
            "markers": "python_version >= '3.7'",
            "version": "==4.7.1"
        }
    },
    "develop": {}
}
