{
    "_meta": {
        "hash": {
            "sha256": "2526a6e158e0871186a7482a70970c87217ea66ff63a7fe8a9f7f93443c98ee1"
        },
        "pipfile-spec": 6,
        "requires": {
            "python_version": "3.10"
        },
        "sources": [
            {
                "name": "pypi",
                "url": "https://pypi.org/simple",
                "verify_ssl": true
            }
        ]
    },
    "default": {
        "numpy": {
            "hashes": [
                "sha256:0ec87a7084caa559c36e0a2309e4ecb1baa03b687201d0a847c8b0ed476a7187",
                "sha256:1a7d6acc2e7524c9955e5c903160aa4ea083736fde7e91276b0e5d98e6332812",
                "sha256:202de8f38fc4a45a3eea4b63e2f376e5f2dc64ef0fa692838e31a808520efaf7",
                "sha256:210461d87fb02a84ef243cac5e814aad2b7f4be953b32cb53327bb49fd77fbb4",
                "sha256:2d926b52ba1367f9acb76b0df6ed21f0b16a1ad87c6720a1121674e5cf63e2b6",
                "sha256:352ee00c7f8387b44d19f4cada524586f07379c0d49270f87233983bc5087ca0",
                "sha256:35400e6a8d102fd07c71ed7dcadd9eb62ee9a6e84ec159bd48c28235bbb0f8e4",
                "sha256:3c1104d3c036fb81ab923f507536daedc718d0ad5a8707c6061cdfd6d184e570",
                "sha256:4719d5aefb5189f50887773699eaf94e7d1e02bf36c1a9d353d9f46703758ca4",
                "sha256:4749e053a29364d3452c034827102ee100986903263e89884922ef01a0a6fd2f",
                "sha256:5342cf6aad47943286afa6f1609cad9b4266a05e7f2ec408e2cf7aea7ff69d80",
                "sha256:56e48aec79ae238f6e4395886b5eaed058abb7231fb3361ddd7bfdf4eed54289",
                "sha256:76e3f4e85fc5d4fd311f6e9b794d0c00e7002ec122be271f2019d63376f1d385",
                "sha256:7776ea65423ca6a15255ba1872d82d207bd1e09f6d0894ee4a64678dd2204078",
                "sha256:784c6da1a07818491b0ffd63c6bbe5a33deaa0e25a20e1b3ea20cf0e43f8046c",
                "sha256:8535303847b89aa6b0f00aa1dc62867b5a32923e4d1681a35b5eef2d9591a463",
                "sha256:9a7721ec204d3a237225db3e194c25268faf92e19338a35f3a224469cb6039a3",
                "sha256:a1d3c026f57ceaad42f8231305d4653d5f05dc6332a730ae5c0bea3513de0950",
                "sha256:ab344f1bf21f140adab8e47fdbc7c35a477dc01408791f8ba00d018dd0bc5155",
                "sha256:ab5f23af8c16022663a652d3b25dcdc272ac3f83c3af4c02eb8b824e6b3ab9d7",
                "sha256:ae8d0be48d1b6ed82588934aaaa179875e7dc4f3d84da18d7eae6eb3f06c242c",
                "sha256:c91c4afd8abc3908e00a44b2672718905b8611503f7ff87390cc0ac3423fb096",
                "sha256:d5036197ecae68d7f491fcdb4df90082b0d4960ca6599ba2659957aafced7c17",
                "sha256:d6cc757de514c00b24ae8cf5c876af2a7c3df189028d68c0cb4eaa9cd5afc2bf",
                "sha256:d933fabd8f6a319e8530d0de4fcc2e6a61917e0b0c271fded460032db42a0fe4",
                "sha256:ea8282b9bcfe2b5e7d491d0bf7f3e2da29700cec05b49e64d6246923329f2b02",
                "sha256:ecde0f8adef7dfdec993fd54b0f78183051b6580f606111a6d789cd14c61ea0c",
                "sha256:f21c442fdd2805e91799fbe044a7b999b8571bb0ab0f7850d0cb9641a687092b"
            ],
            "index": "pypi",
            "version": "==1.24.3"
        },
        "psycopg": {
            "extras": [
                "binary"
            ],
            "hashes": [
                "sha256:ab400f207a8c120bafdd8077916d8f6c0106e809401378708485b016508c30c9",
                "sha256:fbbac339274d8733ee70ba9822297af3e8871790a26e967b5ea53e30a4b74dcc"
            ],
            "index": "pypi",
            "version": "==3.1.9"
        },
        "psycopg-binary": {
            "hashes": [
                "sha256:03b08545ce1c627f4d5e6384eda2946660c4ba6ceb0a09ae47de07419f725669",
                "sha256:055537a9c20efe9bf17cb72bd879602eda71de6f737ebafa1953e017c6a37fbe",
                "sha256:058ab0d79be0b229338f0e61fec6f475077518cba63c22c593645a69f01c3e23",
                "sha256:07414daa86662f7657e9fabe49af85a32a975e92e6568337887d9c9ffedc224f",
                "sha256:09167f106e7685591b4cdf58eff0191fb7435d586f384133a0dd30df646cf409",
                "sha256:17c5d4936c746f5125c6ef9eb43655e27d4d0c9ffe34c3073878b43c3192511d",
                "sha256:1e31bac3d2d41e6446b20b591f638943328c958f4d1ce13d6f1c5db97c3a8dee",
                "sha256:2340ca2531f69e5ebd9d18987362ba57ed6ab6a271511d8026814a46a2a87b59",
                "sha256:25e3ce947aaaa1bd9f1920fca76d7281660646304f9ea5bc036b201dd8790655",
                "sha256:284038cbe3f5a0f3de417af9b5eaa2a9524a3a06211523cf245111c71b566506",
                "sha256:2f94a7985135e084e122b143956c6f589d17aef743ecd0a434a3d3a222631d5a",
                "sha256:3836bdaf030a5648bd5f5b452e4b068b265e28f9199060c5b70dbf4a218cde6e",
                "sha256:3a82e77400d1ef6c5bbcf3e600e8bdfacf1a554512f96c090c43ceca3d1ce3b6",
                "sha256:3b62545cc64dd69ea0ae5ffe18d7c97e03660ab8244aa8c5172668a21c41daa0",
                "sha256:3b816ce0e27a2a8786d34b61d3e36e01029245025879d64b88554326b794a4f0",
                "sha256:3bb86d58b90faefdc0bbedf08fdea4cc2afcb1cfa4340f027d458bfd01d8b812",
                "sha256:3d91ee0d33ac7b42d0488a9be2516efa2ec00901b81d69566ff34a7a94b66c0b",
                "sha256:4213953da44324850c8f789301cf665f46fb94301ba403301e7af58546c3a428",
                "sha256:4c1def6c2d28e257325b3b208cf1966343b498282a0f4d390fda7b7e0577da64",
                "sha256:53afb0cc2ebe74651f339e22d05ec082a0f44939715d9138d357852f074fcf55",
                "sha256:5833bda4c14f24c6a8ac08d3c5712acaa4f35aab31f9ccd2265e9e9a7d0151c8",
                "sha256:5b164355d023a91b23dcc4bb3112bc7d6e9b9c938fb5abcb6e54457d2da1f317",
                "sha256:5cdc13c8ec1437240801e43d07e27ff6479ac9dd8583ecf647345bfd2e8390e4",
                "sha256:63e8d1dbe253657c70dbfa9c59423f4654d82698fc5ed6868b8dc0765abe20b6",
                "sha256:6c696dc84f9ff155761df15779181d8e4af7746b98908e130add8259912e4bb7",
                "sha256:7b36fe4314a784fbe45c9fd71c902b9bf57341aff9b97c0cbd22f8409a271e2f",
                "sha256:81e34d6df54329424944d5ca91b1cc77df6b8a9130cb5480680d56f53d4e485c",
                "sha256:82704a899d57c29beba5399d41eab5ef5c238b810d7e25e2d1916d2b34c4b1a3",
                "sha256:87e0c97733b11eeca3d24e56df70f3f9d792b2abd46f48be2fb2348ffc3e7e39",
                "sha256:90787ac05b932c0fc678cbf470ccea9c385b8077583f0490136b4569ed3fb652",
                "sha256:96725d9691a84a21eb3e81c884a2e043054e33e176801a57a05e9ac38d142c6e",
                "sha256:98d9d156b9ada08c271a79662fc5fcc1731b4d7c1f651ef5843d818d35f15ba0",
                "sha256:9c114f678e8f4a96530fa79cfd84f65f26358ecfc6cca70cfa2d5e3ae5ef217a",
                "sha256:9c75be2a9b986139e3ff6bc0a2852081ac00811040f9b82d3aa539821311122e",
                "sha256:a207d5a7f4212443b7452851c9ccd88df9c6d4d58fa2cea2ead4dd9cb328e578",
                "sha256:a274c63c8fb9d419509bed2ef72befc1fd04243972e17e7f5afc5725cb13a560",
                "sha256:a8aaa47c1791fc05c0229ec1003dd49e13238fba9434e1fc3b879632f749c3c4",
                "sha256:b1a321ef3579a8de0545ade6ff1edfde0c88b8847d58c5615c03751c76054796",
                "sha256:b246fed629482b06f938b23e9281c4af592329daa3ec2cd4a6841ccbfdeb4d68",
                "sha256:c0b8d6bbeff1dba760a208d8bc205a05b745e6cee02b839f969f72cf56a8b80d",
                "sha256:c3a13aa022853891cadbc7256a9804e5989def760115c82334bddf0d19783b0b",
                "sha256:c7d990f14a37345ca05a5192cd5ac938c9cbedca9c929872af6ae311158feb0e",
                "sha256:ce8f4dea5934aa6c4933e559c74bef4beb3413f51fbcf17f306ce890216ac33a",
                "sha256:d2cea4bb0b19245c83486868d7c66f73238c4caa266b5b3c3d664d10dab2ab56",
                "sha256:dade344aa90bb0b57d1cfc13304ed83ab9a36614b8ddd671381b2de72fe1483d",
                "sha256:db866cc557d9761036771d666d17fa4176c537af7e6098f42a6bf8f64217935f",
                "sha256:dfe5c5c31f59ccb1d1f473466baa93d800138186286e80e251f930e49c80d208",
                "sha256:e0ca74fd85718723bb9f08e0c6898e901a0c365aef20b3c3a4ef8709125d6210",
                "sha256:e2f463079d99568a343ed0b766150b30627e9ed41de99fd82e945e7e2bec764a",
                "sha256:eab449e39db1c429cac79b7aa27e6827aad4995f32137e922db7254f43fed7b5",
                "sha256:f2cbdef6568da21c39dfd45c2074e85eabbd00e1b721832ba94980f01f582dd4",
                "sha256:f41a9e0de4db194c053bcc7c00c35422a4d19d92a8187e8065b1c560626efe35",
                "sha256:f4da4ca9b2365fc1d3fc741c3bbd3efccd892ce813444b884c8911a1acf1c932",
                "sha256:f5e36504373e5bcdc954b1da1c6fe66379007fe1e329790e8fb72b879a01e097"
            ],
            "version": "==3.1.9"
        },
        "typing-extensions": {
            "hashes": [
                "sha256:88a4153d8505aabbb4e13aacb7c486c2b4a33ca3b3f807914a9b4c844c471c26",
                "sha256:d91d5919357fe7f681a9f2b5b4cb2a5f1ef0a1e9f59c4d8ff0d3491e05c0ffd5"
            ],
            "markers": "python_version >= '3.7'",
            "version": "==4.6.3"
        }
    },
    "develop": {}
}
